// !$*UTF8*$!
{
	archiveVersion = 1;
	classes = {
	};
	objectVersion = 50;
	objects = {

/* Begin PBXBuildFile section */
		4A349B6F75060C8D6BA9A307 /* Pods_teste_qranio_thomasUITests.framework in Frameworks */ = {isa = PBXBuildFile; fileRef = DA71D8A83752ED1A612AD82F /* Pods_teste_qranio_thomasUITests.framework */; };
		89FC5ED6EDBC86CF36F9EC34 /* Pods_teste_qranio_thomas.framework in Frameworks */ = {isa = PBXBuildFile; fileRef = DFE4D0FA5C3E6F7EDF4C6711 /* Pods_teste_qranio_thomas.framework */; };
		93B73CF34B1C1396FF02FA0D /* Pods_teste_qranio_thomasTests.framework in Frameworks */ = {isa = PBXBuildFile; fileRef = 78CD12D18B9BF1BC25887E88 /* Pods_teste_qranio_thomasTests.framework */; };
		E90F3F5C222990FA00613100 /* AppDelegate.swift in Sources */ = {isa = PBXBuildFile; fileRef = E90F3F5B222990FA00613100 /* AppDelegate.swift */; };
		E90F3F5E222990FA00613100 /* LoginVC.swift in Sources */ = {isa = PBXBuildFile; fileRef = E90F3F5D222990FA00613100 /* LoginVC.swift */; };
		E90F3F61222990FA00613100 /* Main.storyboard in Resources */ = {isa = PBXBuildFile; fileRef = E90F3F5F222990FA00613100 /* Main.storyboard */; };
		E90F3F63222990FB00613100 /* Assets.xcassets in Resources */ = {isa = PBXBuildFile; fileRef = E90F3F62222990FB00613100 /* Assets.xcassets */; };
		E90F3F66222990FB00613100 /* LaunchScreen.storyboard in Resources */ = {isa = PBXBuildFile; fileRef = E90F3F64222990FB00613100 /* LaunchScreen.storyboard */; };
		E90F3F71222990FB00613100 /* teste_qranio_thomasTests.swift in Sources */ = {isa = PBXBuildFile; fileRef = E90F3F70222990FB00613100 /* teste_qranio_thomasTests.swift */; };
		E90F3F7C222990FB00613100 /* teste_qranio_thomasUITests.swift in Sources */ = {isa = PBXBuildFile; fileRef = E90F3F7B222990FB00613100 /* teste_qranio_thomasUITests.swift */; };
		E95853C4222B924200E888D3 /* AsteroidsDao.swift in Sources */ = {isa = PBXBuildFile; fileRef = E95853C3222B924200E888D3 /* AsteroidsDao.swift */; };
		E95853C6222C4B2B00E888D3 /* AsteroidDetail.swift in Sources */ = {isa = PBXBuildFile; fileRef = E95853C5222C4B2B00E888D3 /* AsteroidDetail.swift */; };
		E95853C8222C4BA000E888D3 /* AsteroidDetailVC.swift in Sources */ = {isa = PBXBuildFile; fileRef = E95853C7222C4BA000E888D3 /* AsteroidDetailVC.swift */; };
		E95853CA222C997A00E888D3 /* OrbitalData.swift in Sources */ = {isa = PBXBuildFile; fileRef = E95853C9222C997A00E888D3 /* OrbitalData.swift */; };
		E9CAE24922299A1500391A8F /* LoginDao.swift in Sources */ = {isa = PBXBuildFile; fileRef = E9CAE24822299A1500391A8F /* LoginDao.swift */; };
		E9CAE24C2229E1D700391A8F /* Alert.swift in Sources */ = {isa = PBXBuildFile; fileRef = E9CAE24B2229E1D700391A8F /* Alert.swift */; };
		E9CAE24E2229E3B000391A8F /* ProfileVC.swift in Sources */ = {isa = PBXBuildFile; fileRef = E9CAE24D2229E3B000391A8F /* ProfileVC.swift */; };
		E9CAE2512229E74D00391A8F /* Constants.swift in Sources */ = {isa = PBXBuildFile; fileRef = E9CAE2502229E74D00391A8F /* Constants.swift */; };
		E9CAE2532229F29B00391A8F /* SignUpVC.swift in Sources */ = {isa = PBXBuildFile; fileRef = E9CAE2522229F29B00391A8F /* SignUpVC.swift */; };
		E9CAE255222A049500391A8F /* Validators.swift in Sources */ = {isa = PBXBuildFile; fileRef = E9CAE254222A049500391A8F /* Validators.swift */; };
		E9CAE258222A06F200391A8F /* UITextField+Extensions.swift in Sources */ = {isa = PBXBuildFile; fileRef = E9CAE257222A06F200391A8F /* UITextField+Extensions.swift */; };
		E9CAE25A222B776B00391A8F /* UsersDao.swift in Sources */ = {isa = PBXBuildFile; fileRef = E9CAE259222B776B00391A8F /* UsersDao.swift */; };
		E9CAE25C222B780300391A8F /* User.swift in Sources */ = {isa = PBXBuildFile; fileRef = E9CAE25B222B780300391A8F /* User.swift */; };
		E9CAE25E222B865D00391A8F /* UsersTableVC.swift in Sources */ = {isa = PBXBuildFile; fileRef = E9CAE25D222B865D00391A8F /* UsersTableVC.swift */; };
		E9CAE260222B902800391A8F /* AsteroidsTableVC.swift in Sources */ = {isa = PBXBuildFile; fileRef = E9CAE25F222B902800391A8F /* AsteroidsTableVC.swift */; };
		E9CAE262222B907800391A8F /* Asteroid.swift in Sources */ = {isa = PBXBuildFile; fileRef = E9CAE261222B907800391A8F /* Asteroid.swift */; };
		E9D750EA22299408004DB91B /* GoogleService-Info.plist in Resources */ = {isa = PBXBuildFile; fileRef = E9D750E922299408004DB91B /* GoogleService-Info.plist */; };
/* End PBXBuildFile section */

/* Begin PBXContainerItemProxy section */
		E90F3F6D222990FB00613100 /* PBXContainerItemProxy */ = {
			isa = PBXContainerItemProxy;
			containerPortal = E90F3F50222990FA00613100 /* Project object */;
			proxyType = 1;
			remoteGlobalIDString = E90F3F57222990FA00613100;
			remoteInfo = "teste-qranio-thomas";
		};
		E90F3F78222990FB00613100 /* PBXContainerItemProxy */ = {
			isa = PBXContainerItemProxy;
			containerPortal = E90F3F50222990FA00613100 /* Project object */;
			proxyType = 1;
			remoteGlobalIDString = E90F3F57222990FA00613100;
			remoteInfo = "teste-qranio-thomas";
		};
/* End PBXContainerItemProxy section */

/* Begin PBXFileReference section */
		06202F420C99D265ADC9BE39 /* Pods-teste-qranio-thomas.debug.xcconfig */ = {isa = PBXFileReference; includeInIndex = 1; lastKnownFileType = text.xcconfig; name = "Pods-teste-qranio-thomas.debug.xcconfig"; path = "Pods/Target Support Files/Pods-teste-qranio-thomas/Pods-teste-qranio-thomas.debug.xcconfig"; sourceTree = "<group>"; };
		07F4853F455D85FBC8F08139 /* Pods-teste-qranio-thomasTests.debug.xcconfig */ = {isa = PBXFileReference; includeInIndex = 1; lastKnownFileType = text.xcconfig; name = "Pods-teste-qranio-thomasTests.debug.xcconfig"; path = "Pods/Target Support Files/Pods-teste-qranio-thomasTests/Pods-teste-qranio-thomasTests.debug.xcconfig"; sourceTree = "<group>"; };
		0F6C4C5E34AF3BF95C5E3EBA /* Pods-teste-qranio-thomasUITests.release.xcconfig */ = {isa = PBXFileReference; includeInIndex = 1; lastKnownFileType = text.xcconfig; name = "Pods-teste-qranio-thomasUITests.release.xcconfig"; path = "Pods/Target Support Files/Pods-teste-qranio-thomasUITests/Pods-teste-qranio-thomasUITests.release.xcconfig"; sourceTree = "<group>"; };
		26C6CFADE564B537CD91B317 /* Pods-teste-qranio-thomas.release.xcconfig */ = {isa = PBXFileReference; includeInIndex = 1; lastKnownFileType = text.xcconfig; name = "Pods-teste-qranio-thomas.release.xcconfig"; path = "Pods/Target Support Files/Pods-teste-qranio-thomas/Pods-teste-qranio-thomas.release.xcconfig"; sourceTree = "<group>"; };
		78CD12D18B9BF1BC25887E88 /* Pods_teste_qranio_thomasTests.framework */ = {isa = PBXFileReference; explicitFileType = wrapper.framework; includeInIndex = 0; path = Pods_teste_qranio_thomasTests.framework; sourceTree = BUILT_PRODUCTS_DIR; };
		9E3DE6A42A3858E9020048EC /* Pods-teste-qranio-thomasTests.release.xcconfig */ = {isa = PBXFileReference; includeInIndex = 1; lastKnownFileType = text.xcconfig; name = "Pods-teste-qranio-thomasTests.release.xcconfig"; path = "Pods/Target Support Files/Pods-teste-qranio-thomasTests/Pods-teste-qranio-thomasTests.release.xcconfig"; sourceTree = "<group>"; };
		9FF423007975AF7CA1B6EB95 /* Pods-teste-qranio-thomasUITests.debug.xcconfig */ = {isa = PBXFileReference; includeInIndex = 1; lastKnownFileType = text.xcconfig; name = "Pods-teste-qranio-thomasUITests.debug.xcconfig"; path = "Pods/Target Support Files/Pods-teste-qranio-thomasUITests/Pods-teste-qranio-thomasUITests.debug.xcconfig"; sourceTree = "<group>"; };
		DA71D8A83752ED1A612AD82F /* Pods_teste_qranio_thomasUITests.framework */ = {isa = PBXFileReference; explicitFileType = wrapper.framework; includeInIndex = 0; path = Pods_teste_qranio_thomasUITests.framework; sourceTree = BUILT_PRODUCTS_DIR; };
		DFE4D0FA5C3E6F7EDF4C6711 /* Pods_teste_qranio_thomas.framework */ = {isa = PBXFileReference; explicitFileType = wrapper.framework; includeInIndex = 0; path = Pods_teste_qranio_thomas.framework; sourceTree = BUILT_PRODUCTS_DIR; };
		E90F3F58222990FA00613100 /* teste-qranio-thomas.app */ = {isa = PBXFileReference; explicitFileType = wrapper.application; includeInIndex = 0; path = "teste-qranio-thomas.app"; sourceTree = BUILT_PRODUCTS_DIR; };
		E90F3F5B222990FA00613100 /* AppDelegate.swift */ = {isa = PBXFileReference; lastKnownFileType = sourcecode.swift; path = AppDelegate.swift; sourceTree = "<group>"; };
		E90F3F5D222990FA00613100 /* LoginVC.swift */ = {isa = PBXFileReference; lastKnownFileType = sourcecode.swift; path = LoginVC.swift; sourceTree = "<group>"; };
		E90F3F60222990FA00613100 /* Base */ = {isa = PBXFileReference; lastKnownFileType = file.storyboard; name = Base; path = Base.lproj/Main.storyboard; sourceTree = "<group>"; };
		E90F3F62222990FB00613100 /* Assets.xcassets */ = {isa = PBXFileReference; lastKnownFileType = folder.assetcatalog; path = Assets.xcassets; sourceTree = "<group>"; };
		E90F3F65222990FB00613100 /* Base */ = {isa = PBXFileReference; lastKnownFileType = file.storyboard; name = Base; path = Base.lproj/LaunchScreen.storyboard; sourceTree = "<group>"; };
		E90F3F67222990FB00613100 /* Info.plist */ = {isa = PBXFileReference; lastKnownFileType = text.plist.xml; path = Info.plist; sourceTree = "<group>"; };
		E90F3F6C222990FB00613100 /* teste-qranio-thomasTests.xctest */ = {isa = PBXFileReference; explicitFileType = wrapper.cfbundle; includeInIndex = 0; path = "teste-qranio-thomasTests.xctest"; sourceTree = BUILT_PRODUCTS_DIR; };
		E90F3F70222990FB00613100 /* teste_qranio_thomasTests.swift */ = {isa = PBXFileReference; lastKnownFileType = sourcecode.swift; path = teste_qranio_thomasTests.swift; sourceTree = "<group>"; };
		E90F3F72222990FB00613100 /* Info.plist */ = {isa = PBXFileReference; lastKnownFileType = text.plist.xml; path = Info.plist; sourceTree = "<group>"; };
		E90F3F77222990FB00613100 /* teste-qranio-thomasUITests.xctest */ = {isa = PBXFileReference; explicitFileType = wrapper.cfbundle; includeInIndex = 0; path = "teste-qranio-thomasUITests.xctest"; sourceTree = BUILT_PRODUCTS_DIR; };
		E90F3F7B222990FB00613100 /* teste_qranio_thomasUITests.swift */ = {isa = PBXFileReference; lastKnownFileType = sourcecode.swift; path = teste_qranio_thomasUITests.swift; sourceTree = "<group>"; };
		E90F3F7D222990FB00613100 /* Info.plist */ = {isa = PBXFileReference; lastKnownFileType = text.plist.xml; path = Info.plist; sourceTree = "<group>"; };
		E95853C3222B924200E888D3 /* AsteroidsDao.swift */ = {isa = PBXFileReference; lastKnownFileType = sourcecode.swift; path = AsteroidsDao.swift; sourceTree = "<group>"; };
		E95853C5222C4B2B00E888D3 /* AsteroidDetail.swift */ = {isa = PBXFileReference; lastKnownFileType = sourcecode.swift; path = AsteroidDetail.swift; sourceTree = "<group>"; };
		E95853C7222C4BA000E888D3 /* AsteroidDetailVC.swift */ = {isa = PBXFileReference; lastKnownFileType = sourcecode.swift; path = AsteroidDetailVC.swift; sourceTree = "<group>"; };
		E95853C9222C997A00E888D3 /* OrbitalData.swift */ = {isa = PBXFileReference; lastKnownFileType = sourcecode.swift; path = OrbitalData.swift; sourceTree = "<group>"; };
		E9CAE24822299A1500391A8F /* LoginDao.swift */ = {isa = PBXFileReference; lastKnownFileType = sourcecode.swift; path = LoginDao.swift; sourceTree = "<group>"; };
		E9CAE24B2229E1D700391A8F /* Alert.swift */ = {isa = PBXFileReference; lastKnownFileType = sourcecode.swift; path = Alert.swift; sourceTree = "<group>"; };
		E9CAE24D2229E3B000391A8F /* ProfileVC.swift */ = {isa = PBXFileReference; lastKnownFileType = sourcecode.swift; path = ProfileVC.swift; sourceTree = "<group>"; };
		E9CAE2502229E74D00391A8F /* Constants.swift */ = {isa = PBXFileReference; lastKnownFileType = sourcecode.swift; path = Constants.swift; sourceTree = "<group>"; };
		E9CAE2522229F29B00391A8F /* SignUpVC.swift */ = {isa = PBXFileReference; lastKnownFileType = sourcecode.swift; path = SignUpVC.swift; sourceTree = "<group>"; };
		E9CAE254222A049500391A8F /* Validators.swift */ = {isa = PBXFileReference; lastKnownFileType = sourcecode.swift; path = Validators.swift; sourceTree = "<group>"; };
		E9CAE257222A06F200391A8F /* UITextField+Extensions.swift */ = {isa = PBXFileReference; lastKnownFileType = sourcecode.swift; path = "UITextField+Extensions.swift"; sourceTree = "<group>"; };
		E9CAE259222B776B00391A8F /* UsersDao.swift */ = {isa = PBXFileReference; lastKnownFileType = sourcecode.swift; path = UsersDao.swift; sourceTree = "<group>"; };
		E9CAE25B222B780300391A8F /* User.swift */ = {isa = PBXFileReference; lastKnownFileType = sourcecode.swift; path = User.swift; sourceTree = "<group>"; };
		E9CAE25D222B865D00391A8F /* UsersTableVC.swift */ = {isa = PBXFileReference; lastKnownFileType = sourcecode.swift; path = UsersTableVC.swift; sourceTree = "<group>"; };
		E9CAE25F222B902800391A8F /* AsteroidsTableVC.swift */ = {isa = PBXFileReference; lastKnownFileType = sourcecode.swift; path = AsteroidsTableVC.swift; sourceTree = "<group>"; };
		E9CAE261222B907800391A8F /* Asteroid.swift */ = {isa = PBXFileReference; lastKnownFileType = sourcecode.swift; path = Asteroid.swift; sourceTree = "<group>"; };
		E9D750E922299408004DB91B /* GoogleService-Info.plist */ = {isa = PBXFileReference; fileEncoding = 4; lastKnownFileType = text.plist.xml; path = "GoogleService-Info.plist"; sourceTree = "<group>"; };
/* End PBXFileReference section */

/* Begin PBXFrameworksBuildPhase section */
		E90F3F55222990FA00613100 /* Frameworks */ = {
			isa = PBXFrameworksBuildPhase;
			buildActionMask = 2147483647;
			files = (
				89FC5ED6EDBC86CF36F9EC34 /* Pods_teste_qranio_thomas.framework in Frameworks */,
			);
			runOnlyForDeploymentPostprocessing = 0;
		};
		E90F3F69222990FB00613100 /* Frameworks */ = {
			isa = PBXFrameworksBuildPhase;
			buildActionMask = 2147483647;
			files = (
				93B73CF34B1C1396FF02FA0D /* Pods_teste_qranio_thomasTests.framework in Frameworks */,
			);
			runOnlyForDeploymentPostprocessing = 0;
		};
		E90F3F74222990FB00613100 /* Frameworks */ = {
			isa = PBXFrameworksBuildPhase;
			buildActionMask = 2147483647;
			files = (
				4A349B6F75060C8D6BA9A307 /* Pods_teste_qranio_thomasUITests.framework in Frameworks */,
			);
			runOnlyForDeploymentPostprocessing = 0;
		};
/* End PBXFrameworksBuildPhase section */

/* Begin PBXGroup section */
		5A94B2F69060980B1B583306 /* Frameworks */ = {
			isa = PBXGroup;
			children = (
				DFE4D0FA5C3E6F7EDF4C6711 /* Pods_teste_qranio_thomas.framework */,
				78CD12D18B9BF1BC25887E88 /* Pods_teste_qranio_thomasTests.framework */,
				DA71D8A83752ED1A612AD82F /* Pods_teste_qranio_thomasUITests.framework */,
			);
			name = Frameworks;
			sourceTree = "<group>";
		};
		D933219B7A8BCE8273B77DD0 /* Pods */ = {
			isa = PBXGroup;
			children = (
				06202F420C99D265ADC9BE39 /* Pods-teste-qranio-thomas.debug.xcconfig */,
				26C6CFADE564B537CD91B317 /* Pods-teste-qranio-thomas.release.xcconfig */,
				07F4853F455D85FBC8F08139 /* Pods-teste-qranio-thomasTests.debug.xcconfig */,
				9E3DE6A42A3858E9020048EC /* Pods-teste-qranio-thomasTests.release.xcconfig */,
				9FF423007975AF7CA1B6EB95 /* Pods-teste-qranio-thomasUITests.debug.xcconfig */,
				0F6C4C5E34AF3BF95C5E3EBA /* Pods-teste-qranio-thomasUITests.release.xcconfig */,
			);
			name = Pods;
			sourceTree = "<group>";
		};
		E90F3F4F222990FA00613100 = {
			isa = PBXGroup;
			children = (
				E90F3F5A222990FA00613100 /* teste-qranio-thomas */,
				E90F3F6F222990FB00613100 /* teste-qranio-thomasTests */,
				E90F3F7A222990FB00613100 /* teste-qranio-thomasUITests */,
				E90F3F59222990FA00613100 /* Products */,
				D933219B7A8BCE8273B77DD0 /* Pods */,
				5A94B2F69060980B1B583306 /* Frameworks */,
			);
			sourceTree = "<group>";
		};
		E90F3F59222990FA00613100 /* Products */ = {
			isa = PBXGroup;
			children = (
				E90F3F58222990FA00613100 /* teste-qranio-thomas.app */,
				E90F3F6C222990FB00613100 /* teste-qranio-thomasTests.xctest */,
				E90F3F77222990FB00613100 /* teste-qranio-thomasUITests.xctest */,
			);
			name = Products;
			sourceTree = "<group>";
		};
		E90F3F5A222990FA00613100 /* teste-qranio-thomas */ = {
			isa = PBXGroup;
			children = (
				E9CAE24F2229E74200391A8F /* utils */,
				E9CAE24A2229E17E00391A8F /* components */,
				E9CAE247222999FF00391A8F /* dao */,
				E9CAE2462229985500391A8F /* views */,
				E9CAE2452229984A00391A8F /* controllers */,
				E9CAE2442229984000391A8F /* models */,
				E90F3F5B222990FA00613100 /* AppDelegate.swift */,
				E90F3F62222990FB00613100 /* Assets.xcassets */,
				E90F3F67222990FB00613100 /* Info.plist */,
				E9D750E922299408004DB91B /* GoogleService-Info.plist */,
			);
			path = "teste-qranio-thomas";
			sourceTree = "<group>";
		};
		E90F3F6F222990FB00613100 /* teste-qranio-thomasTests */ = {
			isa = PBXGroup;
			children = (
				E90F3F70222990FB00613100 /* teste_qranio_thomasTests.swift */,
				E90F3F72222990FB00613100 /* Info.plist */,
			);
			path = "teste-qranio-thomasTests";
			sourceTree = "<group>";
		};
		E90F3F7A222990FB00613100 /* teste-qranio-thomasUITests */ = {
			isa = PBXGroup;
			children = (
				E90F3F7B222990FB00613100 /* teste_qranio_thomasUITests.swift */,
				E90F3F7D222990FB00613100 /* Info.plist */,
			);
			path = "teste-qranio-thomasUITests";
			sourceTree = "<group>";
		};
		E9CAE2442229984000391A8F /* models */ = {
			isa = PBXGroup;
			children = (
				E9CAE25B222B780300391A8F /* User.swift */,
				E9CAE261222B907800391A8F /* Asteroid.swift */,
				E95853C5222C4B2B00E888D3 /* AsteroidDetail.swift */,
				E95853C9222C997A00E888D3 /* OrbitalData.swift */,
			);
			path = models;
			sourceTree = "<group>";
		};
		E9CAE2452229984A00391A8F /* controllers */ = {
			isa = PBXGroup;
			children = (
				E90F3F5D222990FA00613100 /* LoginVC.swift */,
				E9CAE2522229F29B00391A8F /* SignUpVC.swift */,
				E9CAE24D2229E3B000391A8F /* ProfileVC.swift */,
				E9CAE25D222B865D00391A8F /* UsersTableVC.swift */,
				E9CAE25F222B902800391A8F /* AsteroidsTableVC.swift */,
				E95853C7222C4BA000E888D3 /* AsteroidDetailVC.swift */,
			);
			path = controllers;
			sourceTree = "<group>";
		};
		E9CAE2462229985500391A8F /* views */ = {
			isa = PBXGroup;
			children = (
				E90F3F5F222990FA00613100 /* Main.storyboard */,
				E90F3F64222990FB00613100 /* LaunchScreen.storyboard */,
			);
			path = views;
			sourceTree = "<group>";
		};
		E9CAE247222999FF00391A8F /* dao */ = {
			isa = PBXGroup;
			children = (
				E9CAE24822299A1500391A8F /* LoginDao.swift */,
				E9CAE259222B776B00391A8F /* UsersDao.swift */,
				E95853C3222B924200E888D3 /* AsteroidsDao.swift */,
			);
			path = dao;
			sourceTree = "<group>";
		};
		E9CAE24A2229E17E00391A8F /* components */ = {
			isa = PBXGroup;
			children = (
				E9CAE256222A06D800391A8F /* extensions */,
				E9CAE24B2229E1D700391A8F /* Alert.swift */,
			);
			path = components;
			sourceTree = "<group>";
		};
		E9CAE24F2229E74200391A8F /* utils */ = {
			isa = PBXGroup;
			children = (
				E9CAE2502229E74D00391A8F /* Constants.swift */,
				E9CAE254222A049500391A8F /* Validators.swift */,
			);
			path = utils;
			sourceTree = "<group>";
		};
		E9CAE256222A06D800391A8F /* extensions */ = {
			isa = PBXGroup;
			children = (
				E9CAE257222A06F200391A8F /* UITextField+Extensions.swift */,
			);
			path = extensions;
			sourceTree = "<group>";
		};
/* End PBXGroup section */

/* Begin PBXNativeTarget section */
		E90F3F57222990FA00613100 /* teste-qranio-thomas */ = {
			isa = PBXNativeTarget;
			buildConfigurationList = E90F3F80222990FB00613100 /* Build configuration list for PBXNativeTarget "teste-qranio-thomas" */;
			buildPhases = (
				72AC6DF302AFFF27B58FFA92 /* [CP] Check Pods Manifest.lock */,
				E90F3F54222990FA00613100 /* Sources */,
				E90F3F55222990FA00613100 /* Frameworks */,
				E90F3F56222990FA00613100 /* Resources */,
				5338DED57F9D447CB07E3E0D /* [CP] Embed Pods Frameworks */,
			);
			buildRules = (
			);
			dependencies = (
			);
			name = "teste-qranio-thomas";
			productName = "teste-qranio-thomas";
			productReference = E90F3F58222990FA00613100 /* teste-qranio-thomas.app */;
			productType = "com.apple.product-type.application";
		};
		E90F3F6B222990FB00613100 /* teste-qranio-thomasTests */ = {
			isa = PBXNativeTarget;
			buildConfigurationList = E90F3F83222990FB00613100 /* Build configuration list for PBXNativeTarget "teste-qranio-thomasTests" */;
			buildPhases = (
				2AA26DC9B3427A7B7BE226D5 /* [CP] Check Pods Manifest.lock */,
				E90F3F68222990FB00613100 /* Sources */,
				E90F3F69222990FB00613100 /* Frameworks */,
				E90F3F6A222990FB00613100 /* Resources */,
			);
			buildRules = (
			);
			dependencies = (
				E90F3F6E222990FB00613100 /* PBXTargetDependency */,
			);
			name = "teste-qranio-thomasTests";
			productName = "teste-qranio-thomasTests";
			productReference = E90F3F6C222990FB00613100 /* teste-qranio-thomasTests.xctest */;
			productType = "com.apple.product-type.bundle.unit-test";
		};
		E90F3F76222990FB00613100 /* teste-qranio-thomasUITests */ = {
			isa = PBXNativeTarget;
			buildConfigurationList = E90F3F86222990FB00613100 /* Build configuration list for PBXNativeTarget "teste-qranio-thomasUITests" */;
			buildPhases = (
				4633740AC8FDC411D1BA4568 /* [CP] Check Pods Manifest.lock */,
				E90F3F73222990FB00613100 /* Sources */,
				E90F3F74222990FB00613100 /* Frameworks */,
				E90F3F75222990FB00613100 /* Resources */,
			);
			buildRules = (
			);
			dependencies = (
				E90F3F79222990FB00613100 /* PBXTargetDependency */,
			);
			name = "teste-qranio-thomasUITests";
			productName = "teste-qranio-thomasUITests";
			productReference = E90F3F77222990FB00613100 /* teste-qranio-thomasUITests.xctest */;
			productType = "com.apple.product-type.bundle.ui-testing";
		};
/* End PBXNativeTarget section */

/* Begin PBXProject section */
		E90F3F50222990FA00613100 /* Project object */ = {
			isa = PBXProject;
			attributes = {
				LastSwiftUpdateCheck = 1010;
				LastUpgradeCheck = 1010;
				ORGANIZATIONNAME = "Thomás Marques Brandão Reis";
				TargetAttributes = {
					E90F3F57222990FA00613100 = {
						CreatedOnToolsVersion = 10.1;
					};
					E90F3F6B222990FB00613100 = {
						CreatedOnToolsVersion = 10.1;
						TestTargetID = E90F3F57222990FA00613100;
					};
					E90F3F76222990FB00613100 = {
						CreatedOnToolsVersion = 10.1;
						TestTargetID = E90F3F57222990FA00613100;
					};
				};
			};
			buildConfigurationList = E90F3F53222990FA00613100 /* Build configuration list for PBXProject "teste-qranio-thomas" */;
			compatibilityVersion = "Xcode 9.3";
			developmentRegion = en;
			hasScannedForEncodings = 0;
			knownRegions = (
				en,
				Base,
			);
			mainGroup = E90F3F4F222990FA00613100;
			productRefGroup = E90F3F59222990FA00613100 /* Products */;
			projectDirPath = "";
			projectRoot = "";
			targets = (
				E90F3F57222990FA00613100 /* teste-qranio-thomas */,
				E90F3F6B222990FB00613100 /* teste-qranio-thomasTests */,
				E90F3F76222990FB00613100 /* teste-qranio-thomasUITests */,
			);
		};
/* End PBXProject section */

/* Begin PBXResourcesBuildPhase section */
		E90F3F56222990FA00613100 /* Resources */ = {
			isa = PBXResourcesBuildPhase;
			buildActionMask = 2147483647;
			files = (
				E90F3F66222990FB00613100 /* LaunchScreen.storyboard in Resources */,
				E9D750EA22299408004DB91B /* GoogleService-Info.plist in Resources */,
				E90F3F63222990FB00613100 /* Assets.xcassets in Resources */,
				E90F3F61222990FA00613100 /* Main.storyboard in Resources */,
			);
			runOnlyForDeploymentPostprocessing = 0;
		};
		E90F3F6A222990FB00613100 /* Resources */ = {
			isa = PBXResourcesBuildPhase;
			buildActionMask = 2147483647;
			files = (
			);
			runOnlyForDeploymentPostprocessing = 0;
		};
		E90F3F75222990FB00613100 /* Resources */ = {
			isa = PBXResourcesBuildPhase;
			buildActionMask = 2147483647;
			files = (
			);
			runOnlyForDeploymentPostprocessing = 0;
		};
/* End PBXResourcesBuildPhase section */

/* Begin PBXShellScriptBuildPhase section */
		2AA26DC9B3427A7B7BE226D5 /* [CP] Check Pods Manifest.lock */ = {
			isa = PBXShellScriptBuildPhase;
			buildActionMask = 2147483647;
			files = (
			);
			inputFileListPaths = (
			);
			inputPaths = (
				"${PODS_PODFILE_DIR_PATH}/Podfile.lock",
				"${PODS_ROOT}/Manifest.lock",
			);
			name = "[CP] Check Pods Manifest.lock";
			outputFileListPaths = (
			);
			outputPaths = (
				"$(DERIVED_FILE_DIR)/Pods-teste-qranio-thomasTests-checkManifestLockResult.txt",
			);
			runOnlyForDeploymentPostprocessing = 0;
			shellPath = /bin/sh;
			shellScript = "diff \"${PODS_PODFILE_DIR_PATH}/Podfile.lock\" \"${PODS_ROOT}/Manifest.lock\" > /dev/null\nif [ $? != 0 ] ; then\n    # print error to STDERR\n    echo \"error: The sandbox is not in sync with the Podfile.lock. Run 'pod install' or update your CocoaPods installation.\" >&2\n    exit 1\nfi\n# This output is used by Xcode 'outputs' to avoid re-running this script phase.\necho \"SUCCESS\" > \"${SCRIPT_OUTPUT_FILE_0}\"\n";
			showEnvVarsInLog = 0;
		};
		4633740AC8FDC411D1BA4568 /* [CP] Check Pods Manifest.lock */ = {
			isa = PBXShellScriptBuildPhase;
			buildActionMask = 2147483647;
			files = (
			);
			inputFileListPaths = (
			);
			inputPaths = (
				"${PODS_PODFILE_DIR_PATH}/Podfile.lock",
				"${PODS_ROOT}/Manifest.lock",
			);
			name = "[CP] Check Pods Manifest.lock";
			outputFileListPaths = (
			);
			outputPaths = (
				"$(DERIVED_FILE_DIR)/Pods-teste-qranio-thomasUITests-checkManifestLockResult.txt",
			);
			runOnlyForDeploymentPostprocessing = 0;
			shellPath = /bin/sh;
			shellScript = "diff \"${PODS_PODFILE_DIR_PATH}/Podfile.lock\" \"${PODS_ROOT}/Manifest.lock\" > /dev/null\nif [ $? != 0 ] ; then\n    # print error to STDERR\n    echo \"error: The sandbox is not in sync with the Podfile.lock. Run 'pod install' or update your CocoaPods installation.\" >&2\n    exit 1\nfi\n# This output is used by Xcode 'outputs' to avoid re-running this script phase.\necho \"SUCCESS\" > \"${SCRIPT_OUTPUT_FILE_0}\"\n";
			showEnvVarsInLog = 0;
		};
		5338DED57F9D447CB07E3E0D /* [CP] Embed Pods Frameworks */ = {
			isa = PBXShellScriptBuildPhase;
			buildActionMask = 2147483647;
			files = (
			);
			inputFileListPaths = (
			);
			inputPaths = (
				"${SRCROOT}/Pods/Target Support Files/Pods-teste-qranio-thomas/Pods-teste-qranio-thomas-frameworks.sh",
				"${BUILT_PRODUCTS_DIR}/Alamofire/Alamofire.framework",
				"${BUILT_PRODUCTS_DIR}/BoringSSL-GRPC/openssl_grpc.framework",
				"${BUILT_PRODUCTS_DIR}/GTMSessionFetcher/GTMSessionFetcher.framework",
				"${BUILT_PRODUCTS_DIR}/GoogleUtilities/GoogleUtilities.framework",
				"${BUILT_PRODUCTS_DIR}/Protobuf/Protobuf.framework",
				"${BUILT_PRODUCTS_DIR}/gRPC-C++/grpcpp.framework",
				"${BUILT_PRODUCTS_DIR}/gRPC-Core/grpc.framework",
				"${BUILT_PRODUCTS_DIR}/leveldb-library/leveldb.framework",
				"${BUILT_PRODUCTS_DIR}/nanopb/nanopb.framework",
			);
			name = "[CP] Embed Pods Frameworks";
			outputFileListPaths = (
			);
			outputPaths = (
				"${TARGET_BUILD_DIR}/${FRAMEWORKS_FOLDER_PATH}/Alamofire.framework",
				"${TARGET_BUILD_DIR}/${FRAMEWORKS_FOLDER_PATH}/openssl_grpc.framework",
				"${TARGET_BUILD_DIR}/${FRAMEWORKS_FOLDER_PATH}/GTMSessionFetcher.framework",
				"${TARGET_BUILD_DIR}/${FRAMEWORKS_FOLDER_PATH}/GoogleUtilities.framework",
				"${TARGET_BUILD_DIR}/${FRAMEWORKS_FOLDER_PATH}/Protobuf.framework",
				"${TARGET_BUILD_DIR}/${FRAMEWORKS_FOLDER_PATH}/grpcpp.framework",
				"${TARGET_BUILD_DIR}/${FRAMEWORKS_FOLDER_PATH}/grpc.framework",
				"${TARGET_BUILD_DIR}/${FRAMEWORKS_FOLDER_PATH}/leveldb.framework",
				"${TARGET_BUILD_DIR}/${FRAMEWORKS_FOLDER_PATH}/nanopb.framework",
			);
			runOnlyForDeploymentPostprocessing = 0;
			shellPath = /bin/sh;
			shellScript = "\"${SRCROOT}/Pods/Target Support Files/Pods-teste-qranio-thomas/Pods-teste-qranio-thomas-frameworks.sh\"\n";
			showEnvVarsInLog = 0;
		};
		72AC6DF302AFFF27B58FFA92 /* [CP] Check Pods Manifest.lock */ = {
			isa = PBXShellScriptBuildPhase;
			buildActionMask = 2147483647;
			files = (
			);
			inputFileListPaths = (
			);
			inputPaths = (
				"${PODS_PODFILE_DIR_PATH}/Podfile.lock",
				"${PODS_ROOT}/Manifest.lock",
			);
			name = "[CP] Check Pods Manifest.lock";
			outputFileListPaths = (
			);
			outputPaths = (
				"$(DERIVED_FILE_DIR)/Pods-teste-qranio-thomas-checkManifestLockResult.txt",
			);
			runOnlyForDeploymentPostprocessing = 0;
			shellPath = /bin/sh;
			shellScript = "diff \"${PODS_PODFILE_DIR_PATH}/Podfile.lock\" \"${PODS_ROOT}/Manifest.lock\" > /dev/null\nif [ $? != 0 ] ; then\n    # print error to STDERR\n    echo \"error: The sandbox is not in sync with the Podfile.lock. Run 'pod install' or update your CocoaPods installation.\" >&2\n    exit 1\nfi\n# This output is used by Xcode 'outputs' to avoid re-running this script phase.\necho \"SUCCESS\" > \"${SCRIPT_OUTPUT_FILE_0}\"\n";
			showEnvVarsInLog = 0;
		};
/* End PBXShellScriptBuildPhase section */

/* Begin PBXSourcesBuildPhase section */
		E90F3F54222990FA00613100 /* Sources */ = {
			isa = PBXSourcesBuildPhase;
			buildActionMask = 2147483647;
			files = (
				E95853C8222C4BA000E888D3 /* AsteroidDetailVC.swift in Sources */,
				E9CAE25E222B865D00391A8F /* UsersTableVC.swift in Sources */,
				E9CAE2532229F29B00391A8F /* SignUpVC.swift in Sources */,
				E9CAE24E2229E3B000391A8F /* ProfileVC.swift in Sources */,
				E9CAE24922299A1500391A8F /* LoginDao.swift in Sources */,
				E90F3F5E222990FA00613100 /* LoginVC.swift in Sources */,
				E9CAE255222A049500391A8F /* Validators.swift in Sources */,
				E9CAE25A222B776B00391A8F /* UsersDao.swift in Sources */,
				E9CAE260222B902800391A8F /* AsteroidsTableVC.swift in Sources */,
				E9CAE24C2229E1D700391A8F /* Alert.swift in Sources */,
				E95853C4222B924200E888D3 /* AsteroidsDao.swift in Sources */,
				E95853CA222C997A00E888D3 /* OrbitalData.swift in Sources */,
				E9CAE258222A06F200391A8F /* UITextField+Extensions.swift in Sources */,
				E9CAE262222B907800391A8F /* Asteroid.swift in Sources */,
				E90F3F5C222990FA00613100 /* AppDelegate.swift in Sources */,
				E95853C6222C4B2B00E888D3 /* AsteroidDetail.swift in Sources */,
				E9CAE2512229E74D00391A8F /* Constants.swift in Sources */,
				E9CAE25C222B780300391A8F /* User.swift in Sources */,
			);
			runOnlyForDeploymentPostprocessing = 0;
		};
		E90F3F68222990FB00613100 /* Sources */ = {
			isa = PBXSourcesBuildPhase;
			buildActionMask = 2147483647;
			files = (
				E90F3F71222990FB00613100 /* teste_qranio_thomasTests.swift in Sources */,
			);
			runOnlyForDeploymentPostprocessing = 0;
		};
		E90F3F73222990FB00613100 /* Sources */ = {
			isa = PBXSourcesBuildPhase;
			buildActionMask = 2147483647;
			files = (
				E90F3F7C222990FB00613100 /* teste_qranio_thomasUITests.swift in Sources */,
			);
			runOnlyForDeploymentPostprocessing = 0;
		};
/* End PBXSourcesBuildPhase section */

/* Begin PBXTargetDependency section */
		E90F3F6E222990FB00613100 /* PBXTargetDependency */ = {
			isa = PBXTargetDependency;
			target = E90F3F57222990FA00613100 /* teste-qranio-thomas */;
			targetProxy = E90F3F6D222990FB00613100 /* PBXContainerItemProxy */;
		};
		E90F3F79222990FB00613100 /* PBXTargetDependency */ = {
			isa = PBXTargetDependency;
			target = E90F3F57222990FA00613100 /* teste-qranio-thomas */;
			targetProxy = E90F3F78222990FB00613100 /* PBXContainerItemProxy */;
		};
/* End PBXTargetDependency section */

/* Begin PBXVariantGroup section */
		E90F3F5F222990FA00613100 /* Main.storyboard */ = {
			isa = PBXVariantGroup;
			children = (
				E90F3F60222990FA00613100 /* Base */,
			);
			name = Main.storyboard;
			sourceTree = "<group>";
		};
		E90F3F64222990FB00613100 /* LaunchScreen.storyboard */ = {
			isa = PBXVariantGroup;
			children = (
				E90F3F65222990FB00613100 /* Base */,
			);
			name = LaunchScreen.storyboard;
			sourceTree = "<group>";
		};
/* End PBXVariantGroup section */

/* Begin XCBuildConfiguration section */
		E90F3F7E222990FB00613100 /* Debug */ = {
			isa = XCBuildConfiguration;
			buildSettings = {
				ALWAYS_SEARCH_USER_PATHS = NO;
				CLANG_ANALYZER_NONNULL = YES;
				CLANG_ANALYZER_NUMBER_OBJECT_CONVERSION = YES_AGGRESSIVE;
				CLANG_CXX_LANGUAGE_STANDARD = "gnu++14";
				CLANG_CXX_LIBRARY = "libc++";
				CLANG_ENABLE_MODULES = YES;
				CLANG_ENABLE_OBJC_ARC = YES;
				CLANG_ENABLE_OBJC_WEAK = YES;
				CLANG_WARN_BLOCK_CAPTURE_AUTORELEASING = YES;
				CLANG_WARN_BOOL_CONVERSION = YES;
				CLANG_WARN_COMMA = YES;
				CLANG_WARN_CONSTANT_CONVERSION = YES;
				CLANG_WARN_DEPRECATED_OBJC_IMPLEMENTATIONS = YES;
				CLANG_WARN_DIRECT_OBJC_ISA_USAGE = YES_ERROR;
				CLANG_WARN_DOCUMENTATION_COMMENTS = YES;
				CLANG_WARN_EMPTY_BODY = YES;
				CLANG_WARN_ENUM_CONVERSION = YES;
				CLANG_WARN_INFINITE_RECURSION = YES;
				CLANG_WARN_INT_CONVERSION = YES;
				CLANG_WARN_NON_LITERAL_NULL_CONVERSION = YES;
				CLANG_WARN_OBJC_IMPLICIT_RETAIN_SELF = YES;
				CLANG_WARN_OBJC_LITERAL_CONVERSION = YES;
				CLANG_WARN_OBJC_ROOT_CLASS = YES_ERROR;
				CLANG_WARN_RANGE_LOOP_ANALYSIS = YES;
				CLANG_WARN_STRICT_PROTOTYPES = YES;
				CLANG_WARN_SUSPICIOUS_MOVE = YES;
				CLANG_WARN_UNGUARDED_AVAILABILITY = YES_AGGRESSIVE;
				CLANG_WARN_UNREACHABLE_CODE = YES;
				CLANG_WARN__DUPLICATE_METHOD_MATCH = YES;
				CODE_SIGN_IDENTITY = "iPhone Developer";
				COPY_PHASE_STRIP = NO;
				DEBUG_INFORMATION_FORMAT = dwarf;
				ENABLE_STRICT_OBJC_MSGSEND = YES;
				ENABLE_TESTABILITY = YES;
				GCC_C_LANGUAGE_STANDARD = gnu11;
				GCC_DYNAMIC_NO_PIC = NO;
				GCC_NO_COMMON_BLOCKS = YES;
				GCC_OPTIMIZATION_LEVEL = 0;
				GCC_PREPROCESSOR_DEFINITIONS = (
					"DEBUG=1",
					"$(inherited)",
				);
				GCC_WARN_64_TO_32_BIT_CONVERSION = YES;
				GCC_WARN_ABOUT_RETURN_TYPE = YES_ERROR;
				GCC_WARN_UNDECLARED_SELECTOR = YES;
				GCC_WARN_UNINITIALIZED_AUTOS = YES_AGGRESSIVE;
				GCC_WARN_UNUSED_FUNCTION = YES;
				GCC_WARN_UNUSED_VARIABLE = YES;
				IPHONEOS_DEPLOYMENT_TARGET = 12.1;
				MTL_ENABLE_DEBUG_INFO = INCLUDE_SOURCE;
				MTL_FAST_MATH = YES;
				ONLY_ACTIVE_ARCH = YES;
				SDKROOT = iphoneos;
				SWIFT_ACTIVE_COMPILATION_CONDITIONS = DEBUG;
				SWIFT_OPTIMIZATION_LEVEL = "-Onone";
			};
			name = Debug;
		};
		E90F3F7F222990FB00613100 /* Release */ = {
			isa = XCBuildConfiguration;
			buildSettings = {
				ALWAYS_SEARCH_USER_PATHS = NO;
				CLANG_ANALYZER_NONNULL = YES;
				CLANG_ANALYZER_NUMBER_OBJECT_CONVERSION = YES_AGGRESSIVE;
				CLANG_CXX_LANGUAGE_STANDARD = "gnu++14";
				CLANG_CXX_LIBRARY = "libc++";
				CLANG_ENABLE_MODULES = YES;
				CLANG_ENABLE_OBJC_ARC = YES;
				CLANG_ENABLE_OBJC_WEAK = YES;
				CLANG_WARN_BLOCK_CAPTURE_AUTORELEASING = YES;
				CLANG_WARN_BOOL_CONVERSION = YES;
				CLANG_WARN_COMMA = YES;
				CLANG_WARN_CONSTANT_CONVERSION = YES;
				CLANG_WARN_DEPRECATED_OBJC_IMPLEMENTATIONS = YES;
				CLANG_WARN_DIRECT_OBJC_ISA_USAGE = YES_ERROR;
				CLANG_WARN_DOCUMENTATION_COMMENTS = YES;
				CLANG_WARN_EMPTY_BODY = YES;
				CLANG_WARN_ENUM_CONVERSION = YES;
				CLANG_WARN_INFINITE_RECURSION = YES;
				CLANG_WARN_INT_CONVERSION = YES;
				CLANG_WARN_NON_LITERAL_NULL_CONVERSION = YES;
				CLANG_WARN_OBJC_IMPLICIT_RETAIN_SELF = YES;
				CLANG_WARN_OBJC_LITERAL_CONVERSION = YES;
				CLANG_WARN_OBJC_ROOT_CLASS = YES_ERROR;
				CLANG_WARN_RANGE_LOOP_ANALYSIS = YES;
				CLANG_WARN_STRICT_PROTOTYPES = YES;
				CLANG_WARN_SUSPICIOUS_MOVE = YES;
				CLANG_WARN_UNGUARDED_AVAILABILITY = YES_AGGRESSIVE;
				CLANG_WARN_UNREACHABLE_CODE = YES;
				CLANG_WARN__DUPLICATE_METHOD_MATCH = YES;
				CODE_SIGN_IDENTITY = "iPhone Developer";
				COPY_PHASE_STRIP = NO;
				DEBUG_INFORMATION_FORMAT = "dwarf-with-dsym";
				ENABLE_NS_ASSERTIONS = NO;
				ENABLE_STRICT_OBJC_MSGSEND = YES;
				GCC_C_LANGUAGE_STANDARD = gnu11;
				GCC_NO_COMMON_BLOCKS = YES;
				GCC_WARN_64_TO_32_BIT_CONVERSION = YES;
				GCC_WARN_ABOUT_RETURN_TYPE = YES_ERROR;
				GCC_WARN_UNDECLARED_SELECTOR = YES;
				GCC_WARN_UNINITIALIZED_AUTOS = YES_AGGRESSIVE;
				GCC_WARN_UNUSED_FUNCTION = YES;
				GCC_WARN_UNUSED_VARIABLE = YES;
				IPHONEOS_DEPLOYMENT_TARGET = 12.1;
				MTL_ENABLE_DEBUG_INFO = NO;
				MTL_FAST_MATH = YES;
				SDKROOT = iphoneos;
				SWIFT_COMPILATION_MODE = wholemodule;
				SWIFT_OPTIMIZATION_LEVEL = "-O";
				VALIDATE_PRODUCT = YES;
			};
			name = Release;
		};
		E90F3F81222990FB00613100 /* Debug */ = {
			isa = XCBuildConfiguration;
			baseConfigurationReference = 06202F420C99D265ADC9BE39 /* Pods-teste-qranio-thomas.debug.xcconfig */;
			buildSettings = {
				ASSETCATALOG_COMPILER_APPICON_NAME = AppIcon;
				CODE_SIGN_STYLE = Automatic;
				DEVELOPMENT_TEAM = KYFXPEYZ6A;
				INFOPLIST_FILE = "teste-qranio-thomas/Info.plist";
				LD_RUNPATH_SEARCH_PATHS = (
					"$(inherited)",
					"@executable_path/Frameworks",
				);
				PRODUCT_BUNDLE_IDENTIFIER = "com.qranio.teste-qranio-thomas";
				PRODUCT_NAME = "$(TARGET_NAME)";
				SWIFT_VERSION = 4.2;
				TARGETED_DEVICE_FAMILY = "1,2";
			};
			name = Debug;
		};
		E90F3F82222990FB00613100 /* Release */ = {
			isa = XCBuildConfiguration;
			baseConfigurationReference = 26C6CFADE564B537CD91B317 /* Pods-teste-qranio-thomas.release.xcconfig */;
			buildSettings = {
				ASSETCATALOG_COMPILER_APPICON_NAME = AppIcon;
				CODE_SIGN_STYLE = Automatic;
				DEVELOPMENT_TEAM = KYFXPEYZ6A;
				INFOPLIST_FILE = "teste-qranio-thomas/Info.plist";
				LD_RUNPATH_SEARCH_PATHS = (
					"$(inherited)",
					"@executable_path/Frameworks",
				);
				PRODUCT_BUNDLE_IDENTIFIER = "com.qranio.teste-qranio-thomas";
				PRODUCT_NAME = "$(TARGET_NAME)";
				SWIFT_VERSION = 4.2;
				TARGETED_DEVICE_FAMILY = "1,2";
			};
			name = Release;
		};
		E90F3F84222990FB00613100 /* Debug */ = {
			isa = XCBuildConfiguration;
			baseConfigurationReference = 07F4853F455D85FBC8F08139 /* Pods-teste-qranio-thomasTests.debug.xcconfig */;
			buildSettings = {
				ALWAYS_EMBED_SWIFT_STANDARD_LIBRARIES = YES;
				BUNDLE_LOADER = "$(TEST_HOST)";
				CODE_SIGN_STYLE = Automatic;
				DEVELOPMENT_TEAM = KYFXPEYZ6A;
				INFOPLIST_FILE = "teste-qranio-thomasTests/Info.plist";
				LD_RUNPATH_SEARCH_PATHS = (
					"$(inherited)",
					"@executable_path/Frameworks",
					"@loader_path/Frameworks",
				);
				PRODUCT_BUNDLE_IDENTIFIER = "com.qranio.teste-qranio-thomasTests";
				PRODUCT_NAME = "$(TARGET_NAME)";
				SWIFT_VERSION = 4.2;
				TARGETED_DEVICE_FAMILY = "1,2";
				TEST_HOST = "$(BUILT_PRODUCTS_DIR)/teste-qranio-thomas.app/teste-qranio-thomas";
			};
			name = Debug;
		};
		E90F3F85222990FB00613100 /* Release */ = {
			isa = XCBuildConfiguration;
			baseConfigurationReference = 9E3DE6A42A3858E9020048EC /* Pods-teste-qranio-thomasTests.release.xcconfig */;
			buildSettings = {
				ALWAYS_EMBED_SWIFT_STANDARD_LIBRARIES = YES;
				BUNDLE_LOADER = "$(TEST_HOST)";
				CODE_SIGN_STYLE = Automatic;
				DEVELOPMENT_TEAM = KYFXPEYZ6A;
				INFOPLIST_FILE = "teste-qranio-thomasTests/Info.plist";
				LD_RUNPATH_SEARCH_PATHS = (
					"$(inherited)",
					"@executable_path/Frameworks",
					"@loader_path/Frameworks",
				);
				PRODUCT_BUNDLE_IDENTIFIER = "com.qranio.teste-qranio-thomasTests";
				PRODUCT_NAME = "$(TARGET_NAME)";
				SWIFT_VERSION = 4.2;
				TARGETED_DEVICE_FAMILY = "1,2";
				TEST_HOST = "$(BUILT_PRODUCTS_DIR)/teste-qranio-thomas.app/teste-qranio-thomas";
			};
			name = Release;
		};
		E90F3F87222990FB00613100 /* Debug */ = {
			isa = XCBuildConfiguration;
			baseConfigurationReference = 9FF423007975AF7CA1B6EB95 /* Pods-teste-qranio-thomasUITests.debug.xcconfig */;
			buildSettings = {
				ALWAYS_EMBED_SWIFT_STANDARD_LIBRARIES = YES;
				CODE_SIGN_STYLE = Automatic;
				DEVELOPMENT_TEAM = KYFXPEYZ6A;
				INFOPLIST_FILE = "teste-qranio-thomasUITests/Info.plist";
				LD_RUNPATH_SEARCH_PATHS = (
					"$(inherited)",
					"@executable_path/Frameworks",
					"@loader_path/Frameworks",
				);
				PRODUCT_BUNDLE_IDENTIFIER = "com.qranio.teste-qranio-thomasUITests";
				PRODUCT_NAME = "$(TARGET_NAME)";
				SWIFT_VERSION = 4.2;
				TARGETED_DEVICE_FAMILY = "1,2";
				TEST_TARGET_NAME = "teste-qranio-thomas";
			};
			name = Debug;
		};
		E90F3F88222990FB00613100 /* Release */ = {
			isa = XCBuildConfiguration;
			baseConfigurationReference = 0F6C4C5E34AF3BF95C5E3EBA /* Pods-teste-qranio-thomasUITests.release.xcconfig */;
			buildSettings = {
				ALWAYS_EMBED_SWIFT_STANDARD_LIBRARIES = YES;
				CODE_SIGN_STYLE = Automatic;
				DEVELOPMENT_TEAM = KYFXPEYZ6A;
				INFOPLIST_FILE = "teste-qranio-thomasUITests/Info.plist";
				LD_RUNPATH_SEARCH_PATHS = (
					"$(inherited)",
					"@executable_path/Frameworks",
					"@loader_path/Frameworks",
				);
				PRODUCT_BUNDLE_IDENTIFIER = "com.qranio.teste-qranio-thomasUITests";
				PRODUCT_NAME = "$(TARGET_NAME)";
				SWIFT_VERSION = 4.2;
				TARGETED_DEVICE_FAMILY = "1,2";
				TEST_TARGET_NAME = "teste-qranio-thomas";
			};
			name = Release;
		};
/* End XCBuildConfiguration section */

/* Begin XCConfigurationList section */
		E90F3F53222990FA00613100 /* Build configuration list for PBXProject "teste-qranio-thomas" */ = {
			isa = XCConfigurationList;
			buildConfigurations = (
				E90F3F7E222990FB00613100 /* Debug */,
				E90F3F7F222990FB00613100 /* Release */,
			);
			defaultConfigurationIsVisible = 0;
			defaultConfigurationName = Release;
		};
		E90F3F80222990FB00613100 /* Build configuration list for PBXNativeTarget "teste-qranio-thomas" */ = {
			isa = XCConfigurationList;
			buildConfigurations = (
				E90F3F81222990FB00613100 /* Debug */,
				E90F3F82222990FB00613100 /* Release */,
			);
			defaultConfigurationIsVisible = 0;
			defaultConfigurationName = Release;
		};
		E90F3F83222990FB00613100 /* Build configuration list for PBXNativeTarget "teste-qranio-thomasTests" */ = {
			isa = XCConfigurationList;
			buildConfigurations = (
				E90F3F84222990FB00613100 /* Debug */,
				E90F3F85222990FB00613100 /* Release */,
			);
			defaultConfigurationIsVisible = 0;
			defaultConfigurationName = Release;
		};
		E90F3F86222990FB00613100 /* Build configuration list for PBXNativeTarget "teste-qranio-thomasUITests" */ = {
			isa = XCConfigurationList;
			buildConfigurations = (
				E90F3F87222990FB00613100 /* Debug */,
				E90F3F88222990FB00613100 /* Release */,
			);
			defaultConfigurationIsVisible = 0;
			defaultConfigurationName = Release;
		};
/* End XCConfigurationList section */
	};
	rootObject = E90F3F50222990FA00613100 /* Project object */;
}
